
Microsoft Visual Studio Solution File, Format Version 12.00
# Visual Studio Version 16
VisualStudioVersion = 16.0.31424.327
MinimumVisualStudioVersion = 10.0.40219.1
Project("{FAE04EC0-301F-11D3-BF4B-00C04F79EFBC}") = "SecureFTP", "SecureFTP\SecureFTP.csproj", "{B5C4C12C-B2C2-4416-BC99-F18CD293BC60}"
EndProject
Project("{FAE04EC0-301F-11D3-BF4B-00C04F79EFBC}") = "SFTPUI", "SFTPUI\SFTPUI.csproj", "{89140F29-15BB-414B-A30C-5F6AB2D7E62A}"
EndProject
Project("{FAE04EC0-301F-11D3-BF4B-00C04F79EFBC}") = "SecureFTP_Deploy", "..\deployNET\deployNET\SecureFTP_Deploy.csproj", "{33753908-C6BB-4AAA-B246-46F63D09DEC4}"
EndProject
Project("{FAE04EC0-301F-11D3-BF4B-00C04F79EFBC}") = "TestCenter", "TestCenter\TestCenter.csproj", "{3966E407-3436-467E-A7FC-E53A364D99FF}"
EndProject
Global
	GlobalSection(SolutionConfigurationPlatforms) = preSolution
		Debug|Any CPU = Debug|Any CPU
		Release|Any CPU = Release|Any CPU
	EndGlobalSection
	GlobalSection(ProjectConfigurationPlatforms) = postSolution
		{B5C4C12C-B2C2-4416-BC99-F18CD293BC60}.Debug|Any CPU.ActiveCfg = Debug|Any CPU
		{B5C4C12C-B2C2-4416-BC99-F18CD293BC60}.Debug|Any CPU.Build.0 = Debug|Any CPU
		{B5C4C12C-B2C2-4416-BC99-F18CD293BC60}.Release|Any CPU.ActiveCfg = Release|Any CPU
		{B5C4C12C-B2C2-4416-BC99-F18CD293BC60}.Release|Any CPU.Build.0 = Release|Any CPU
		{89140F29-15BB-414B-A30C-5F6AB2D7E62A}.Debug|Any CPU.ActiveCfg = Debug|Any CPU
		{89140F29-15BB-414B-A30C-5F6AB2D7E62A}.Debug|Any CPU.Build.0 = Debug|Any CPU
		{89140F29-15BB-414B-A30C-5F6AB2D7E62A}.Release|Any CPU.ActiveCfg = Release|Any CPU
		{89140F29-15BB-414B-A30C-5F6AB2D7E62A}.Release|Any CPU.Build.0 = Release|Any CPU
		{33753908-C6BB-4AAA-B246-46F63D09DEC4}.Debug|Any CPU.ActiveCfg = Debug|Any CPU
		{33753908-C6BB-4AAA-B246-46F63D09DEC4}.Debug|Any CPU.Build.0 = Debug|Any CPU
		{33753908-C6BB-4AAA-B246-46F63D09DEC4}.Release|Any CPU.ActiveCfg = Release|Any CPU
		{33753908-C6BB-4AAA-B246-46F63D09DEC4}.Release|Any CPU.Build.0 = Release|Any CPU
		{3966E407-3436-467E-A7FC-E53A364D99FF}.Debug|Any CPU.ActiveCfg = Debug|Any CPU
		{3966E407-3436-467E-A7FC-E53A364D99FF}.Debug|Any CPU.Build.0 = Debug|Any CPU
		{3966E407-3436-467E-A7FC-E53A364D99FF}.Release|Any CPU.ActiveCfg = Release|Any CPU
		{3966E407-3436-467E-A7FC-E53A364D99FF}.Release|Any CPU.Build.0 = Release|Any CPU
	EndGlobalSection
	GlobalSection(SolutionProperties) = preSolution
		HideSolutionNode = FALSE
	EndGlobalSection
	GlobalSection(ExtensibilityGlobals) = postSolution
		SolutionGuid = {D65FEDDE-8B4D-474E-BD63-10829BDE07B8}
	EndGlobalSection
EndGlobal
